{
  "name": "@badgerherald/support-the-herald",
  "version": "0.0.1",
  "lockfileVersion": 2,
  "requires": true,
  "packages": {
    "": {
      "name": "@badgerherald/support-the-herald",
      "version": "0.0.1",
      "license": "MIT",
      "devDependencies": {
        "@stencil/core": "^2.6.0",
        "@stencil/router": "^1.0.1",
        "@stencil/sass": "^1.4.1",
        "@webpress/core": "file:../webpress/src/packages/core",
        "@webpress/router": "file:../webpress/src/packages/router",
        "@webpress/theme": "file:../webpress/src/packages/theme",
        "prettier": "2.3.1"
      }
    },
    "../webpress/src/packages/core": {
      "name": "@webpress/core",
      "version": "0.0.15",
      "dev": true,
      "license": "GPLv2",
      "dependencies": {
        "@types/wpapi": "^1.1.0",
        "wpapi": "^1.2.1"
      },
      "devDependencies": {
        "@stencil/core": "^2.4.0"
      }
    },
    "../webpress/src/packages/router": {
      "name": "@webpress/router",
      "version": "0.0.15",
      "dev": true,
      "license": "GPLv2",
      "dependencies": {
        "@stencil/core": "^2.3.0",
        "@webpress/core": "^0.0.15",
        "fs": "0.0.1-security",
        "link": "^0.1.5",
        "rollup-plugin-node-resolve": "^5.2.0",
        "wpapi": "^1.2.1"
      }
    },
    "../webpress/src/packages/theme": {
      "name": "@webpress/theme",
      "version": "0.0.15",
      "dev": true,
      "license": "GPLv2",
      "dependencies": {
        "@stencil/core": "^2.3.0",
        "@webpress/core": "^0.0.15",
        "fs": "0.0.1-security",
        "wpapi": "^1.2.1"
      }
    },
    "node_modules/@stencil/core": {
      "version": "2.10.0",
      "resolved": "https://registry.npmjs.org/@stencil/core/-/core-2.10.0.tgz",
      "integrity": "sha512-15rWMTPQ/sp0lSV82HVCXkIya3QLN+uBl7pqK4JnTrp4HiLrzLmNbWjbvgCs55gw0lULbCIGbRIEsFz+Pe/Q+A==",
      "dev": true,
      "bin": {
        "stencil": "bin/stencil"
      },
      "engines": {
        "node": ">=12.10.0",
        "npm": ">=6.0.0"
      }
    },
    "node_modules/@stencil/router": {
      "version": "1.0.1",
      "resolved": "https://registry.npmjs.org/@stencil/router/-/router-1.0.1.tgz",
      "integrity": "sha512-ZMholl1BE+glNAc/8pcEb9RYkeH0XETxsJbx6D7f3azTmaTXqKYty1IACP/3BtVjuimpfLdxQJ+J95wKmnYBtA==",
      "dev": true,
      "dependencies": {
        "@stencil/state-tunnel": "^1.0.1"
      }
    },
    "node_modules/@stencil/sass": {
      "version": "1.4.1",
      "resolved": "https://registry.npmjs.org/@stencil/sass/-/sass-1.4.1.tgz",
      "integrity": "sha512-aFKoqtxZ/8BRbvNFiWRycGiqvMI22Ifn5qsKfq0U23j43XD81jT6d7K0WQd55ejNpoSpdxJcbOuFgQy3mXizfA==",
      "dev": true,
      "peerDependencies": {
        "@stencil/core": ">=1.0.2"
      }
    },
    "node_modules/@stencil/state-tunnel": {
      "version": "1.0.1",
      "resolved": "https://registry.npmjs.org/@stencil/state-tunnel/-/state-tunnel-1.0.1.tgz",
      "integrity": "sha512-DYG8uROgL9hkjVTCtCfRBb0d3FwpiFB0muRrNZQ2X1Qo5hxMuNNji76/ILddqeq0AfgkKCW82xrMPDpy+rNIhQ==",
      "dev": true
    },
    "node_modules/@webpress/core": {
      "resolved": "../webpress/src/packages/core",
      "link": true
    },
    "node_modules/@webpress/router": {
      "resolved": "../webpress/src/packages/router",
      "link": true
    },
    "node_modules/@webpress/theme": {
      "resolved": "../webpress/src/packages/theme",
      "link": true
    },
    "node_modules/prettier": {
      "version": "2.3.1",
      "resolved": "https://registry.npmjs.org/prettier/-/prettier-2.3.1.tgz",
      "integrity": "sha512-p+vNbgpLjif/+D+DwAZAbndtRrR0md0MwfmOVN9N+2RgyACMT+7tfaRnT+WDPkqnuVwleyuBIG2XBxKDme3hPA==",
      "dev": true,
      "bin": {
        "prettier": "bin-prettier.js"
      },
      "engines": {
        "node": ">=10.13.0"
      }
    }
  },
  "dependencies": {
    "@stencil/core": {
      "version": "2.10.0",
      "resolved": "https://registry.npmjs.org/@stencil/core/-/core-2.10.0.tgz",
      "integrity": "sha512-15rWMTPQ/sp0lSV82HVCXkIya3QLN+uBl7pqK4JnTrp4HiLrzLmNbWjbvgCs55gw0lULbCIGbRIEsFz+Pe/Q+A==",
      "dev": true
    },
    "@stencil/router": {
      "version": "1.0.1",
      "resolved": "https://registry.npmjs.org/@stencil/router/-/router-1.0.1.tgz",
      "integrity": "sha512-ZMholl1BE+glNAc/8pcEb9RYkeH0XETxsJbx6D7f3azTmaTXqKYty1IACP/3BtVjuimpfLdxQJ+J95wKmnYBtA==",
      "dev": true,
      "requires": {
        "@stencil/state-tunnel": "^1.0.1"
      }
    },
    "@stencil/sass": {
      "version": "1.4.1",
      "resolved": "https://registry.npmjs.org/@stencil/sass/-/sass-1.4.1.tgz",
      "integrity": "sha512-aFKoqtxZ/8BRbvNFiWRycGiqvMI22Ifn5qsKfq0U23j43XD81jT6d7K0WQd55ejNpoSpdxJcbOuFgQy3mXizfA==",
      "dev": true,
      "requires": {}
    },
    "@stencil/state-tunnel": {
      "version": "1.0.1",
      "resolved": "https://registry.npmjs.org/@stencil/state-tunnel/-/state-tunnel-1.0.1.tgz",
      "integrity": "sha512-DYG8uROgL9hkjVTCtCfRBb0d3FwpiFB0muRrNZQ2X1Qo5hxMuNNji76/ILddqeq0AfgkKCW82xrMPDpy+rNIhQ==",
      "dev": true
    },
    "@webpress/core": {
      "version": "file:../webpress/src/packages/core",
      "requires": {
        "@stencil/core": "^2.4.0",
        "@types/wpapi": "^1.1.0",
        "wpapi": "^1.2.1"
      }
    },
    "@webpress/router": {
      "version": "file:../webpress/src/packages/router",
      "requires": {
        "@stencil/core": "^2.3.0",
        "@webpress/core": "^0.0.15",
        "fs": "0.0.1-security",
        "link": "^0.1.5",
        "rollup-plugin-node-resolve": "^5.2.0",
        "wpapi": "^1.2.1"
      }
    },
    "@webpress/theme": {
      "version": "file:../webpress/src/packages/theme",
      "requires": {
        "@stencil/core": "^2.3.0",
        "@webpress/core": "^0.0.15",
        "fs": "0.0.1-security",
        "wpapi": "^1.2.1"
      }
    },
    "prettier": {
      "version": "2.3.1",
      "resolved": "https://registry.npmjs.org/prettier/-/prettier-2.3.1.tgz",
      "integrity": "sha512-p+vNbgpLjif/+D+DwAZAbndtRrR0md0MwfmOVN9N+2RgyACMT+7tfaRnT+WDPkqnuVwleyuBIG2XBxKDme3hPA==",
      "dev": true
    }
  }
}
